
Microsoft Visual Studio Solution File, Format Version 12.00
# Visual Studio Version 17
VisualStudioVersion = 17.8.34316.72
MinimumVisualStudioVersion = 10.0.40219.1
Project("{9A19103F-16F7-4668-BE54-9A1E7A4F7556}") = "ATBM_PRO", "ATBM_PRO.csproj", "{8B3A1FFD-AF0C-48D5-BB9A-D4282C1B3813}"
EndProject
Global
	GlobalSection(SolutionConfigurationPlatforms) = preSolution
		Debug|Any CPU = Debug|Any CPU
		Release|Any CPU = Release|Any CPU
	EndGlobalSection
	GlobalSection(ProjectConfigurationPlatforms) = postSolution
		{8B3A1FFD-AF0C-48D5-BB9A-D4282C1B3813}.Debug|Any CPU.ActiveCfg = Debug|Any CPU
		{8B3A1FFD-AF0C-48D5-BB9A-D4282C1B3813}.Debug|Any CPU.Build.0 = Debug|Any CPU
		{8B3A1FFD-AF0C-48D5-BB9A-D4282C1B3813}.Release|Any CPU.ActiveCfg = Release|Any CPU
		{8B3A1FFD-AF0C-48D5-BB9A-D4282C1B3813}.Release|Any CPU.Build.0 = Release|Any CPU
	EndGlobalSection
	GlobalSection(SolutionProperties) = preSolution
		HideSolutionNode = FALSE
	EndGlobalSection
	GlobalSection(ExtensibilityGlobals) = postSolution
		SolutionGuid = {38A3878D-5F4B-4CC7-8C7E-480A56689282}
	EndGlobalSection
EndGlobal
